
Microsoft Visual Studio Solution File, Format Version 12.00
# Visual Studio Version 17
VisualStudioVersion = 17.9.34723.18
MinimumVisualStudioVersion = 10.0.40219.1
Project("{FAE04EC0-301F-11D3-BF4B-00C04F79EFBC}") = "GymAppApi", "GymAppApi\GymAppApi.csproj", "{512700DC-5F4D-4D16-8A4A-4B286D5316D5}"
EndProject
Global
	GlobalSection(SolutionConfigurationPlatforms) = preSolution
		Debug|Any CPU = Debug|Any CPU
		Release|Any CPU = Release|Any CPU
	EndGlobalSection
	GlobalSection(ProjectConfigurationPlatforms) = postSolution
		{512700DC-5F4D-4D16-8A4A-4B286D5316D5}.Debug|Any CPU.ActiveCfg = Debug|Any CPU
		{512700DC-5F4D-4D16-8A4A-4B286D5316D5}.Debug|Any CPU.Build.0 = Debug|Any CPU
		{512700DC-5F4D-4D16-8A4A-4B286D5316D5}.Release|Any CPU.ActiveCfg = Release|Any CPU
		{512700DC-5F4D-4D16-8A4A-4B286D5316D5}.Release|Any CPU.Build.0 = Release|Any CPU
	EndGlobalSection
	GlobalSection(SolutionProperties) = preSolution
		HideSolutionNode = FALSE
	EndGlobalSection
	GlobalSection(ExtensibilityGlobals) = postSolution
		SolutionGuid = {FF92ED24-E5F6-4C0F-8C1A-9321B3E8590A}
	EndGlobalSection
EndGlobal
